{
    "_meta": {
        "hash": {
            "sha256": "25cfacc771e776362ae77798c9b43e90971222e80f8ccb567cfd2c102013f2e8"
        },
        "pipfile-spec": 6,
        "requires": {
            "python_version": "3.8"
        },
        "sources": [
            {
                "name": "pypi",
                "url": "https://pypi.python.org/simple",
                "verify_ssl": true
            }
        ]
    },
    "default": {
        "bcrypt": {
            "hashes": [
                "sha256:5b93c1726e50a93a033c36e5ca7fdcd29a5c7395af50a6892f5d9e7c6cfbfb29",
                "sha256:63d4e3ff96188e5898779b6057878fecf3f11cfe6ec3b313ea09955d587ec7a7",
                "sha256:81fec756feff5b6818ea7ab031205e1d323d8943d237303baca2c5f9c7846f34",
                "sha256:a67fb841b35c28a59cebed05fbd3e80eea26e6d75851f0574a9273c80f3e9b55",
                "sha256:c95d4cbebffafcdd28bd28bb4e25b31c50f6da605c81ffd9ad8a3d1b2ab7b1b6",
                "sha256:cd1ea2ff3038509ea95f687256c46b79f5fc382ad0aa3664d200047546d511d1",
                "sha256:cdcdcb3972027f83fe24a48b1e90ea4b584d35f1cc279d76de6fc4b13376239d"
            ],
            "version": "==3.2.0"
        },
        "boto3": {
            "hashes": [
                "sha256:9b5d0d3e2a0374fa6786d7e42f42c25b69695b449b816823be46875af9c32e05",
                "sha256:a9518f580f18b9ca5638be0d7eb90651cceb0fff3524739488763f6dcade1caf"
            ],
            "index": "pypi",
            "version": "==1.13.7"
        },
        "botocore": {
            "hashes": [
                "sha256:318b487b9496bf162883fce9ce137b1cd864a968bb0c9e70e0e44c4a62cf2d3c",
                "sha256:34f4324d15245482a78f1f1b71861982f3e30ed22245bf2e1ec112b5dac5b349"
            ],
            "version": "==1.16.26"
        },
        "cachetools": {
            "hashes": [
                "sha256:1d9d5f567be80f7c07d765e21b814326d78c61eb0c3a637dffc0e5d1796cb2e2",
                "sha256:f469e29e7aa4cff64d8de4aad95ce76de8ea1125a16c68e0d93f65c3c3dc92e9"
            ],
            "version": "==4.2.1"
        },
        "certifi": {
            "hashes": [
                "sha256:1a4995114262bffbc2413b159f2a1a480c969de6e6eb13ee966d470af86af59c",
                "sha256:719a74fb9e33b9bd44cc7f3a8d94bc35e4049deebe19ba7d8e108280cfd59830"
            ],
            "version": "==2020.12.5"
        },
        "cffi": {
            "hashes": [
                "sha256:005a36f41773e148deac64b08f233873a4d0c18b053d37da83f6af4d9087b813",
                "sha256:0857f0ae312d855239a55c81ef453ee8fd24136eaba8e87a2eceba644c0d4c06",
                "sha256:1071534bbbf8cbb31b498d5d9db0f274f2f7a865adca4ae429e147ba40f73dea",
                "sha256:158d0d15119b4b7ff6b926536763dc0714313aa59e320ddf787502c70c4d4bee",
                "sha256:1f436816fc868b098b0d63b8920de7d208c90a67212546d02f84fe78a9c26396",
                "sha256:2894f2df484ff56d717bead0a5c2abb6b9d2bf26d6960c4604d5c48bbc30ee73",
                "sha256:29314480e958fd8aab22e4a58b355b629c59bf5f2ac2492b61e3dc06d8c7a315",
                "sha256:34eff4b97f3d982fb93e2831e6750127d1355a923ebaeeb565407b3d2f8d41a1",
                "sha256:35f27e6eb43380fa080dccf676dece30bef72e4a67617ffda586641cd4508d49",
                "sha256:3d3dd4c9e559eb172ecf00a2a7517e97d1e96de2a5e610bd9b68cea3925b4892",
                "sha256:43e0b9d9e2c9e5d152946b9c5fe062c151614b262fda2e7b201204de0b99e482",
                "sha256:48e1c69bbacfc3d932221851b39d49e81567a4d4aac3b21258d9c24578280058",
                "sha256:51182f8927c5af975fece87b1b369f722c570fe169f9880764b1ee3bca8347b5",
                "sha256:58e3f59d583d413809d60779492342801d6e82fefb89c86a38e040c16883be53",
                "sha256:5de7970188bb46b7bf9858eb6890aad302577a5f6f75091fd7cdd3ef13ef3045",
                "sha256:65fa59693c62cf06e45ddbb822165394a288edce9e276647f0046e1ec26920f3",
                "sha256:69e395c24fc60aad6bb4fa7e583698ea6cc684648e1ffb7fe85e3c1ca131a7d5",
                "sha256:6c97d7350133666fbb5cf4abdc1178c812cb205dc6f41d174a7b0f18fb93337e",
                "sha256:6e4714cc64f474e4d6e37cfff31a814b509a35cb17de4fb1999907575684479c",
                "sha256:72d8d3ef52c208ee1c7b2e341f7d71c6fd3157138abf1a95166e6165dd5d4369",
                "sha256:8ae6299f6c68de06f136f1f9e69458eae58f1dacf10af5c17353eae03aa0d827",
                "sha256:8b198cec6c72df5289c05b05b8b0969819783f9418e0409865dac47288d2a053",
                "sha256:99cd03ae7988a93dd00bcd9d0b75e1f6c426063d6f03d2f90b89e29b25b82dfa",
                "sha256:9cf8022fb8d07a97c178b02327b284521c7708d7c71a9c9c355c178ac4bbd3d4",
                "sha256:9de2e279153a443c656f2defd67769e6d1e4163952b3c622dcea5b08a6405322",
                "sha256:9e93e79c2551ff263400e1e4be085a1210e12073a31c2011dbbda14bda0c6132",
                "sha256:9ff227395193126d82e60319a673a037d5de84633f11279e336f9c0f189ecc62",
                "sha256:a465da611f6fa124963b91bf432d960a555563efe4ed1cc403ba5077b15370aa",
                "sha256:ad17025d226ee5beec591b52800c11680fca3df50b8b29fe51d882576e039ee0",
                "sha256:afb29c1ba2e5a3736f1c301d9d0abe3ec8b86957d04ddfa9d7a6a42b9367e396",
                "sha256:b85eb46a81787c50650f2392b9b4ef23e1f126313b9e0e9013b35c15e4288e2e",
                "sha256:bb89f306e5da99f4d922728ddcd6f7fcebb3241fc40edebcb7284d7514741991",
                "sha256:cbde590d4faaa07c72bf979734738f328d239913ba3e043b1e98fe9a39f8b2b6",
                "sha256:cd2868886d547469123fadc46eac7ea5253ea7fcb139f12e1dfc2bbd406427d1",
                "sha256:d42b11d692e11b6634f7613ad8df5d6d5f8875f5d48939520d351007b3c13406",
                "sha256:f2d45f97ab6bb54753eab54fffe75aaf3de4ff2341c9daee1987ee1837636f1d",
                "sha256:fd78e5fee591709f32ef6edb9a015b4aa1a5022598e36227500c8f4e02328d9c"
            ],
            "version": "==1.14.5"
        },
        "chardet": {
            "hashes": [
                "sha256:0d6f53a15db4120f2b08c94f11e7d93d2c911ee118b6b30a04ec3ee8310179fa",
                "sha256:f864054d66fd9118f2e67044ac8981a54775ec5b67aed0441892edb553d21da5"
            ],
            "version": "==4.0.0"
        },
        "cryptography": {
            "hashes": [
                "sha256:0f1212a66329c80d68aeeb39b8a16d54ef57071bf22ff4e521657b27372e327d",
                "sha256:1e056c28420c072c5e3cb36e2b23ee55e260cb04eee08f702e0edfec3fb51959",
                "sha256:240f5c21aef0b73f40bb9f78d2caff73186700bf1bc6b94285699aff98cc16c6",
                "sha256:26965837447f9c82f1855e0bc8bc4fb910240b6e0d16a664bb722df3b5b06873",
                "sha256:37340614f8a5d2fb9aeea67fd159bfe4f5f4ed535b1090ce8ec428b2f15a11f2",
                "sha256:3d10de8116d25649631977cb37da6cbdd2d6fa0e0281d014a5b7d337255ca713",
                "sha256:3d8427734c781ea5f1b41d6589c293089704d4759e34597dce91014ac125aad1",
                "sha256:7ec5d3b029f5fa2b179325908b9cd93db28ab7b85bb6c1db56b10e0b54235177",
                "sha256:8e56e16617872b0957d1c9742a3f94b43533447fd78321514abbe7db216aa250",
                "sha256:de4e5f7f68220d92b7637fc99847475b59154b7a1b3868fb7385337af54ac9ca",
                "sha256:eb8cc2afe8b05acbd84a43905832ec78e7b3873fb124ca190f574dca7389a87d",
                "sha256:ee77aa129f481be46f8d92a1a7db57269a2f23052d5f2433b4621bb457081cc9"
            ],
            "version": "==3.4.7"
        },
        "docutils": {
            "hashes": [
                "sha256:6c4f696463b79f1fb8ba0c594b63840ebd41f059e92b31957c46b74a4599b6d0",
                "sha256:9e4d7ecfc600058e07ba661411a2b7de2fd0fafa17d1a7f7361cd47b1175c827",
                "sha256:a2aeea129088da402665e92e0b25b04b073c04b2dce4ab65caaa38b7ce2e1a99"
            ],
            "version": "==0.15.2"
        },
        "google-api-core": {
            "hashes": [
                "sha256:418a131cd349e8bda036741d93e7fb9caefa691daa7296851193edc60b3c946c",
                "sha256:79811ec36d182c9be1398609d651c30803b01fe02d4758c886acc0524ff9b53e"
            ],
            "version": "==1.26.2"
        },
        "google-api-python-client": {
            "hashes": [
                "sha256:8dd35a3704650c2db44e6cf52abdaf9de71f409c93c56bbe48a321ab5e14ebad",
                "sha256:bf482c13fb41a6d01770f9d62be6b33fdcd41d68c97f2beb9be02297bdd9e725"
            ],
            "index": "pypi",
            "version": "==1.8.2"
        },
        "google-auth": {
            "hashes": [
                "sha256:9bd436d19ab047001a1340720d2b629eb96dd503258c524921ec2af3ee88a80e",
                "sha256:dcaba3aa9d4e0e96fd945bf25a86b6f878fcb05770b67adbeb50a63ca4d28a5e"
            ],
            "version": "==1.28.0"
        },
        "google-auth-httplib2": {
            "hashes": [
                "sha256:31e49c36c6b5643b57e82617cb3e021e3e1d2df9da63af67252c02fa9c1f4a10",
                "sha256:a07c39fd632becacd3f07718dfd6021bf396978f03ad3ce4321d060015cc30ac"
            ],
            "version": "==0.1.0"
        },
        "googleapis-common-protos": {
            "hashes": [
                "sha256:a88ee8903aa0a81f6c3cec2d5cf62d3c8aa67c06439b0496b49048fb1854ebf4",
                "sha256:f6d561ab8fb16b30020b940e2dd01cd80082f4762fa9f3ee670f4419b4b8dbd0"
            ],
            "version": "==1.53.0"
        },
        "httplib2": {
            "hashes": [
                "sha256:749c32603f9bf16c1277f59531d502e8f1c2ca19901ae653b49c4ed698f0820e",
                "sha256:e0d428dad43c72dbce7d163b7753ffc7a39c097e6788ef10f4198db69b92f08e"
            ],
            "version": "==0.19.0"
        },
        "idna": {
            "hashes": [
                "sha256:b307872f855b18632ce0c21c5e45be78c0ea7ae4c15c828c20788b26921eb3f6",
                "sha256:b97d804b1e9b523befed77c48dacec60e6dcb0b5391d57af6a65a312a90648c0"
            ],
            "version": "==2.10"
        },
        "jmespath": {
            "hashes": [
                "sha256:b85d0567b8666149a93172712e68920734333c0ce7e89b78b3e987f71e5ed4f9",
                "sha256:cdf6525904cc597730141d61b36f2e4b8ecc257c420fa2f4549bac2c2d0cb72f"
            ],
            "version": "==0.10.0"
        },
        "oauth2client": {
            "hashes": [
                "sha256:b8a81cc5d60e2d364f0b1b98f958dbd472887acaf1a5b05e21c28c31a2d6d3ac",
                "sha256:d486741e451287f69568a4d26d70d9acd73a2bbfa275746c535b4209891cccc6"
            ],
            "index": "pypi",
            "version": "==4.1.3"
        },
        "packaging": {
            "hashes": [
                "sha256:5b327ac1320dc863dca72f4514ecc086f31186744b84a230374cc1fd776feae5",
                "sha256:67714da7f7bc052e064859c05c595155bd1ee9f69f76557e21f051443c20947a"
            ],
            "version": "==20.9"
        },
        "paramiko": {
            "hashes": [
                "sha256:920492895db8013f6cc0179293147f830b8c7b21fdfc839b6bad760c27459d9f",
                "sha256:9c980875fa4d2cb751604664e9a2d0f69096643f5be4db1b99599fe114a97b2f"
            ],
            "index": "pypi",
            "version": "==2.7.1"
        },
        "protobuf": {
            "hashes": [
                "sha256:03346c1fdaaaece437f2b611f3f784114b109985aea65c7d98050f8d38fe671c",
                "sha256:0b4a44a32247c3f222df0a5994ed763095ead741fb0749c6105e2a1af100ac98",
                "sha256:0da07c5ff6e2d681c8692dddd38f2ea424aff79e96a4776dbbcbd1b56ced3d83",
                "sha256:0faa899ac58036766f7a36bf6b3f41459e4eefa20477ee004bdbb6e6c01ad2dc",
                "sha256:5111dc2fb3236584b79645869475448c2181e54e4d6db7c0fc1fe463a7cdb092",
                "sha256:576fdebb64c900ac38d98d703a5ffaa135c21112608466c5bc4048714ac96d1a",
                "sha256:5df64b064b1b15e03768295939cbb5595733a02e8945dc033e56c6a9667a225c",
                "sha256:666d4b942b77912d00c8b011986ee73224ff58d9e17cbb42ef851968ce7e0398",
                "sha256:7e44ac88d7bdfd7bca8ba0623a934a564220d78bbe064005264f747dec330c26",
                "sha256:864f0d7622e11d9255c45542e47498a9c59dfda716dde8b204f64fa7887cbfad",
                "sha256:9504227ca529d20e6ca8cc39f710e52f3237fc7445b63f9621176078c899421d",
                "sha256:956f2c06cff88f65e4856864b31bc688c3c8b9077aaac611b521f04d5657c755",
                "sha256:a12c97c8ed2ab4cc937e3c07b0b9180e68464831f808996f779b1d58f4cf16b5",
                "sha256:abc7aa2652a66bf06a34b382638b3319c8d6b67832f4adaed1da1fdad7aa90c0",
                "sha256:b05dcdb57c1ca6a503121a266bfb7399582f08be00ccc50cd333bdd3d5e66adc",
                "sha256:c32f0d70403ce887549e33668cbe26c3fa9d9884582bb5afae3064de5a16c084",
                "sha256:c8fab21597c174389ebe1e6db442c80aadda8bd0159e953eb4958c55b33a91fa",
                "sha256:e56466b878130fa606f1d4465f3f533144be2b927e9dfc2eb23dba0bb4b5d54c"
            ],
            "version": "==4.0.0rc2"
        },
        "pyasn1": {
            "hashes": [
                "sha256:39c7e2ec30515947ff4e87fb6f456dfc6e84857d34be479c9d4a4ba4bf46aa5d",
                "sha256:aef77c9fb94a3ac588e87841208bdec464471d9871bd5050a287cc9a475cd0ba"
            ],
            "version": "==0.4.8"
        },
        "pyasn1-modules": {
            "hashes": [
                "sha256:905f84c712230b2c592c19470d3ca8d552de726050d1d1716282a1f6146be65e",
                "sha256:a50b808ffeb97cb3601dd25981f6b016cbb3d31fbf57a8b8a87428e6158d0c74"
            ],
            "version": "==0.2.8"
        },
        "pycparser": {
            "hashes": [
                "sha256:2d475327684562c3a96cc71adf7dc8c4f0565175cf86b6d7a404ff4c771f15f0",
                "sha256:7582ad22678f0fcd81102833f60ef8d0e57288b6b5fb00323d101be910e35705"
            ],
            "version": "==2.20"
        },
        "pynacl": {
            "hashes": [
                "sha256:06cbb4d9b2c4bd3c8dc0d267416aaed79906e7b33f114ddbf0911969794b1cc4",
                "sha256:11335f09060af52c97137d4ac54285bcb7df0cef29014a1a4efe64ac065434c4",
                "sha256:2fe0fc5a2480361dcaf4e6e7cea00e078fcda07ba45f811b167e3f99e8cff574",
                "sha256:30f9b96db44e09b3304f9ea95079b1b7316b2b4f3744fe3aaecccd95d547063d",
                "sha256:4e10569f8cbed81cb7526ae137049759d2a8d57726d52c1a000a3ce366779634",
                "sha256:511d269ee845037b95c9781aa702f90ccc36036f95d0f31373a6a79bd8242e25",
                "sha256:537a7ccbea22905a0ab36ea58577b39d1fa9b1884869d173b5cf111f006f689f",
                "sha256:54e9a2c849c742006516ad56a88f5c74bf2ce92c9f67435187c3c5953b346505",
                "sha256:757250ddb3bff1eecd7e41e65f7f833a8405fede0194319f87899690624f2122",
                "sha256:7757ae33dae81c300487591c68790dfb5145c7d03324000433d9a2c141f82af7",
                "sha256:7c6092102219f59ff29788860ccb021e80fffd953920c4a8653889c029b2d420",
                "sha256:8122ba5f2a2169ca5da936b2e5a511740ffb73979381b4229d9188f6dcb22f1f",
                "sha256:9c4a7ea4fb81536c1b1f5cc44d54a296f96ae78c1ebd2311bd0b60be45a48d96",
                "sha256:c914f78da4953b33d4685e3cdc7ce63401247a21425c16a39760e282075ac4a6",
                "sha256:cd401ccbc2a249a47a3a1724c2918fcd04be1f7b54eb2a5a71ff915db0ac51c6",
                "sha256:d452a6746f0a7e11121e64625109bc4468fc3100452817001dbe018bb8b08514",
                "sha256:ea6841bc3a76fa4942ce00f3bda7d436fda21e2d91602b9e21b7ca9ecab8f3ff",
                "sha256:f8851ab9041756003119368c1e6cd0b9c631f46d686b3904b18c0139f4419f80"
            ],
            "version": "==1.4.0"
        },
        "pyparsing": {
            "hashes": [
                "sha256:c203ec8783bf771a155b207279b9bccb8dea02d8f0c9e5f8ead507bc3246ecc1",
                "sha256:ef9d7589ef3c200abe66653d3f1ab1033c3c419ae9b9bdb1240a85b024efc88b"
            ],
            "version": "==2.4.7"
        },
        "python-dateutil": {
            "hashes": [
                "sha256:73ebfe9dbf22e832286dafa60473e4cd239f8592f699aa5adaf10050e6e1823c",
                "sha256:75bb3f31ea686f1197762692a9ee6a7550b59fc6ca3a1f4b5d7e32fb98e2da2a"
            ],
            "version": "==2.8.1"
        },
        "pytz": {
            "hashes": [
                "sha256:83a4a90894bf38e243cf052c8b58f381bfe9a7a483f6a9cab140bc7f702ac4da",
                "sha256:eb10ce3e7736052ed3623d49975ce333bcd712c7bb19a58b9e2089d4057d0798"
            ],
            "version": "==2021.1"
        },
        "pyyaml": {
            "hashes": [
                "sha256:02c78d77281d8f8d07a255e57abdbf43b02257f59f50cc6b636937d68efa5dd0",
                "sha256:0dc9f2eb2e3c97640928dec63fd8dc1dd91e6b6ed236bd5ac00332b99b5c2ff9",
                "sha256:124fd7c7bc1e95b1eafc60825f2daf67c73ce7b33f1194731240d24b0d1bf628",
                "sha256:26fcb33776857f4072601502d93e1a619f166c9c00befb52826e7b774efaa9db",
                "sha256:31ba07c54ef4a897758563e3a0fcc60077698df10180abe4b8165d9895c00ebf",
                "sha256:3c49e39ac034fd64fd576d63bb4db53cda89b362768a67f07749d55f128ac18a",
                "sha256:52bf0930903818e600ae6c2901f748bc4869c0c406056f679ab9614e5d21a166",
                "sha256:5a3f345acff76cad4aa9cb171ee76c590f37394186325d53d1aa25318b0d4a09",
                "sha256:5e7ac4e0e79a53451dc2814f6876c2fa6f71452de1498bbe29c0b54b69a986f4",
                "sha256:7242790ab6c20316b8e7bb545be48d7ed36e26bbe279fd56f2c4a12510e60b4b",
                "sha256:737bd70e454a284d456aa1fa71a0b429dd527bcbf52c5c33f7c8eee81ac16b89",
                "sha256:8635d53223b1f561b081ff4adecb828fd484b8efffe542edcfdff471997f7c39",
                "sha256:8b818b6c5a920cbe4203b5a6b14256f0e5244338244560da89b7b0f1313ea4b6",
                "sha256:8bf38641b4713d77da19e91f8b5296b832e4db87338d6aeffe422d42f1ca896d",
                "sha256:a36a48a51e5471513a5aea920cdad84cbd56d70a5057cca3499a637496ea379c",
                "sha256:b2243dd033fd02c01212ad5c601dafb44fbb293065f430b0d3dbf03f3254d615",
                "sha256:cc547d3ead3754712223abb7b403f0a184e4c3eae18c9bb7fd15adef1597cc4b",
                "sha256:cc552b6434b90d9dbed6a4f13339625dc466fd82597119897e9489c953acbc22",
                "sha256:f3790156c606299ff499ec44db422f66f05a7363b39eb9d5b064f17bd7d7c47b",
                "sha256:f7a21e3d99aa3095ef0553e7ceba36fb693998fbb1226f1392ce33681047465f",
                "sha256:fdc6b2cb4b19e431994f25a9160695cc59a4e861710cc6fc97161c5e845fc579"
            ],
            "index": "pypi",
            "version": "==5.4"
        },
        "requests": {
            "hashes": [
                "sha256:27973dd4a904a4f13b263a19c866c13b92a39ed1c964655f025f3f8d3d75b804",
                "sha256:c210084e36a42ae6b9219e00e48287def368a26d03a048ddad7bfee44f75871e"
            ],
            "version": "==2.25.1"
        },
        "rsa": {
            "hashes": [
                "sha256:78f9a9bf4e7be0c5ded4583326e7461e3a3c5aae24073648b4bdfa797d78c9d2",
                "sha256:9d689e6ca1b3038bc82bf8d23e944b6b6037bc02301a574935b2dd946e0353b9"
            ],
            "markers": "python_version >= '3.6'",
            "version": "==4.7.2"
        },
        "s3transfer": {
            "hashes": [
                "sha256:5d48b1fd2232141a9d5fb279709117aaba506cacea7f86f11bc392f06bfa8fc2",
                "sha256:c5dadf598762899d8cfaecf68eba649cd25b0ce93b6c954b156aaa3eed160547"
            ],
            "version": "==0.3.6"
        },
        "scp": {
            "hashes": [
                "sha256:26c0bbc7ea29c30ec096ae67b0afa7a6b7c557b2ce8f740109ee72a0d52af7d1",
                "sha256:ef9d6e67c0331485d3db146bf9ee9baff8a48f3eb0e6c08276a8584b13bf34b3"
            ],
            "index": "pypi",
            "version": "==0.13.2"
        },
        "six": {
            "hashes": [
                "sha256:30639c035cdb23534cd4aa2dd52c3bf48f06e5f4a941509c8bafd8ce11080259",
                "sha256:8b74bedcbbbaca38ff6d7491d76f2b06b3592611af620f8426e82dddb04a5ced"
            ],
            "version": "==1.15.0"
        },
        "uritemplate": {
            "hashes": [
                "sha256:07620c3f3f8eed1f12600845892b0e036a2420acf513c53f7de0abd911a5894f",
                "sha256:5af8ad10cec94f215e3f48112de2022e1d5a37ed427fbd88652fa908f2ab7cae"
            ],
            "version": "==3.0.1"
        },
        "urllib3": {
            "hashes": [
                "sha256:8d7eaa5a82a1cac232164990f04874c594c9453ec55eef02eab885aa02fc17a2",
                "sha256:f5321fbe4bf3fefa0efd0bfe7fb14e90909eb62a48ccda331726b4319897dd5e"
            ],
            "markers": "python_version != '3.4'",
            "version": "==1.25.11"
        }
    },
    "develop": {
        "appdirs": {
            "hashes": [
                "sha256:7d5d0167b2b1ba821647616af46a749d1c653740dd0d2415100fe26e27afdf41",
                "sha256:a841dacd6b99318a741b166adb07e19ee71a274450e68237b4650ca1055ab128"
            ],
            "version": "==1.4.4"
        },
        "astroid": {
            "hashes": [
                "sha256:87ae7f2398b8a0ae5638ddecf9987f081b756e0e9fc071aeebdca525671fc4dc",
                "sha256:b31c92f545517dcc452f284bc9c044050862fbe6d93d2b3de4a215a6b384bf0d"
            ],
            "version": "==2.5"
        },
        "attrs": {
            "hashes": [
                "sha256:31b2eced602aa8423c2aea9c76a724617ed67cf9513173fd3a4f03e3a929c7e6",
                "sha256:832aa3cde19744e49938b91fea06d69ecb9e649c93ba974535d08ad92164f700"
            ],
            "version": "==20.3.0"
        },
        "black": {
            "hashes": [
                "sha256:1b30e59be925fafc1ee4565e5e08abef6b03fe455102883820fe5ee2e4734e0b",
                "sha256:c2edb73a08e9e0e6f65a0e6af18b059b8b1cdd5bef997d7a0b181df93dc81539"
            ],
            "index": "pypi",
            "version": "==19.10b0"
        },
        "click": {
            "hashes": [
                "sha256:681c9380a24b22fec089c8e5ffe40aa16a0da79f248a26fe2481bfa8170bfcc1",
                "sha256:e4315a188403c0258bbc4a4e31863e48fc301c4e95b8007a8eeda0391158df13"
            ],
            "version": "==8.0.0a1"
        },
        "flake8": {
            "hashes": [
                "sha256:c09e7e4ea0d91fa36f7b8439ca158e592be56524f0b67c39ab0ea2b85ed8f9a4",
                "sha256:f33c5320eaa459cdee6367016a4bf4ba2a9b81499ce56e6a32abbf0b8d3a2eb4"
            ],
            "index": "pypi",
            "version": "==3.8.0a2"
        },
        "isort": {
            "hashes": [
                "sha256:54da7e92468955c4fceacd0c86bd0ec997b0e1ee80d97f67c35a78b719dccab1",
                "sha256:6e811fcb295968434526407adb8796944f1988c5b65e8139058f2014cbe100fd"
            ],
            "version": "==4.3.21"
        },
        "lazy-object-proxy": {
            "hashes": [
                "sha256:17e0967ba374fc24141738c69736da90e94419338fd4c7c7bef01ee26b339653",
                "sha256:1fee665d2638491f4d6e55bd483e15ef21f6c8c2095f235fef72601021e64f61",
                "sha256:22ddd618cefe54305df49e4c069fa65715be4ad0e78e8d252a33debf00f6ede2",
                "sha256:24a5045889cc2729033b3e604d496c2b6f588c754f7a62027ad4437a7ecc4837",
                "sha256:410283732af311b51b837894fa2f24f2c0039aa7f220135192b38fcc42bd43d3",
                "sha256:4732c765372bd78a2d6b2150a6e99d00a78ec963375f236979c0626b97ed8e43",
                "sha256:489000d368377571c6f982fba6497f2aa13c6d1facc40660963da62f5c379726",
                "sha256:4f60460e9f1eb632584c9685bccea152f4ac2130e299784dbaf9fae9f49891b3",
                "sha256:5743a5ab42ae40caa8421b320ebf3a998f89c85cdc8376d6b2e00bd12bd1b587",
                "sha256:85fb7608121fd5621cc4377a8961d0b32ccf84a7285b4f1d21988b2eae2868e8",
                "sha256:9698110e36e2df951c7c36b6729e96429c9c32b3331989ef19976592c5f3c77a",
                "sha256:9d397bf41caad3f489e10774667310d73cb9c4258e9aed94b9ec734b34b495fd",
                "sha256:b579f8acbf2bdd9ea200b1d5dea36abd93cabf56cf626ab9c744a432e15c815f",
                "sha256:b865b01a2e7f96db0c5d12cfea590f98d8c5ba64ad222300d93ce6ff9138bcad",
                "sha256:bf34e368e8dd976423396555078def5cfc3039ebc6fc06d1ae2c5a65eebbcde4",
                "sha256:c6938967f8528b3668622a9ed3b31d145fab161a32f5891ea7b84f6b790be05b",
                "sha256:d1c2676e3d840852a2de7c7d5d76407c772927addff8d742b9808fe0afccebdf",
                "sha256:d7124f52f3bd259f510651450e18e0fd081ed82f3c08541dffc7b94b883aa981",
                "sha256:d900d949b707778696fdf01036f58c9876a0d8bfe116e8d220cfd4b15f14e741",
                "sha256:ebfd274dcd5133e0afae738e6d9da4323c3eb021b3e13052d8cbd0e457b1256e",
                "sha256:ed361bb83436f117f9917d282a456f9e5009ea12fd6de8742d1a4752c3017e93",
                "sha256:f5144c75445ae3ca2057faac03fda5a902eff196702b0a24daf1d6ce0650514b"
            ],
            "version": "==1.6.0"
        },
        "mccabe": {
            "hashes": [
                "sha256:ab8a6258860da4b6677da4bd2fe5dc2c659cff31b3ee4f7f5d64e79735b80d42",
                "sha256:dd8d182285a0fe56bace7f45b5e7d1a6ebcbf524e8f3bd87eb0f125271b8831f"
            ],
            "version": "==0.6.1"
        },
        "more-itertools": {
            "hashes": [
                "sha256:5652a9ac72209ed7df8d9c15daf4e1aa0e3d2ccd3c87f8265a0673cd9cbc9ced",
                "sha256:c5d6da9ca3ff65220c3bfd2a8db06d698f05d4d2b9be57e1deb2be5a45019713"
            ],
            "version": "==8.7.0"
        },
        "packaging": {
            "hashes": [
                "sha256:5b327ac1320dc863dca72f4514ecc086f31186744b84a230374cc1fd776feae5",
                "sha256:67714da7f7bc052e064859c05c595155bd1ee9f69f76557e21f051443c20947a"
            ],
            "version": "==20.9"
        },
        "pathspec": {
            "hashes": [
                "sha256:86379d6b86d75816baba717e64b1a3a3469deb93bb76d613c9ce79edc5cb68fd",
                "sha256:aa0cb481c4041bf52ffa7b0d8fa6cd3e88a2ca4879c533c9153882ee2556790d"
            ],
            "version": "==0.8.1"
        },
        "pluggy": {
            "hashes": [
                "sha256:15b2acde666561e1298d71b523007ed7364de07029219b604cf808bfa1c765b0",
                "sha256:966c145cd83c96502c3c3868f50408687b38434af77734af1e9ca461a4081d2d"
            ],
            "version": "==0.13.1"
        },
        "py": {
            "hashes": [
                "sha256:21b81bda15b66ef5e1a777a21c4dcd9c20ad3efd0b3f817e7a809035269e1bd3",
                "sha256:3b80836aa6d1feeaa108e046da6423ab8f6ceda6468545ae8d02d9d58d18818a"
            ],
            "version": "==1.10.0"
        },
        "pycodestyle": {
            "hashes": [
                "sha256:2295e7b2f6b5bd100585ebcb1f616591b652db8a741695b3d8f5d28bdc934367",
                "sha256:c58a7d2815e0e8d7972bf1803331fb0152f867bd89adf8a01dfd55085434192e"
            ],
            "version": "==2.6.0"
        },
        "pyflakes": {
            "hashes": [
                "sha256:0d94e0e05a19e57a99444b6ddcf9a6eb2e5c68d3ca1e98e90707af8152c90a92",
                "sha256:35b2d75ee967ea93b55750aa9edbbf72813e06a66ba54438df2cfac9e3c27fc8"
            ],
            "version": "==2.2.0"
        },
        "pylint": {
            "hashes": [
                "sha256:b95e31850f3af163c2283ed40432f053acbc8fc6eba6a069cb518d9dbf71848c",
                "sha256:dd506acce0427e9e08fb87274bcaa953d38b50a58207170dbf5b36cf3e16957b"
            ],
            "index": "pypi",
            "version": "==2.5.2"
        },
        "pyparsing": {
            "hashes": [
                "sha256:c203ec8783bf771a155b207279b9bccb8dea02d8f0c9e5f8ead507bc3246ecc1",
                "sha256:ef9d7589ef3c200abe66653d3f1ab1033c3c419ae9b9bdb1240a85b024efc88b"
            ],
            "version": "==2.4.7"
        },
        "pytest": {
            "hashes": [
                "sha256:95c710d0a72d91c13fae35dce195633c929c3792f54125919847fdcdf7caa0d3",
                "sha256:eb2b5e935f6a019317e455b6da83dd8650ac9ffd2ee73a7b657a30873d67a698"
            ],
            "index": "pypi",
            "version": "==5.4.2"
        },
        "regex": {
            "hashes": [
                "sha256:07ef35301b4484bce843831e7039a84e19d8d33b3f8b2f9aab86c376813d0139",
                "sha256:13f50969028e81765ed2a1c5fcfdc246c245cf8d47986d5172e82ab1a0c42ee5",
                "sha256:14de88eda0976020528efc92d0a1f8830e2fb0de2ae6005a6fc4e062553031fa",
                "sha256:159fac1a4731409c830d32913f13f68346d6b8e39650ed5d704a9ce2f9ef9cb3",
                "sha256:18e25e0afe1cf0f62781a150c1454b2113785401ba285c745acf10c8ca8917df",
                "sha256:201e2619a77b21a7780580ab7b5ce43835e242d3e20fef50f66a8df0542e437f",
                "sha256:360a01b5fa2ad35b3113ae0c07fb544ad180603fa3b1f074f52d98c1096fa15e",
                "sha256:39c44532d0e4f1639a89e52355b949573e1e2c5116106a395642cbbae0ff9bcd",
                "sha256:3d9356add82cff75413bec360c1eca3e58db4a9f5dafa1f19650958a81e3249d",
                "sha256:3d9a7e215e02bd7646a91fb8bcba30bc55fd42a719d6b35cf80e5bae31d9134e",
                "sha256:4651f839dbde0816798e698626af6a2469eee6d9964824bb5386091255a1694f",
                "sha256:486a5f8e11e1f5bbfcad87f7c7745eb14796642323e7e1829a331f87a713daaa",
                "sha256:4b8a1fb724904139149a43e172850f35aa6ea97fb0545244dc0b805e0154ed68",
                "sha256:4c0788010a93ace8a174d73e7c6c9d3e6e3b7ad99a453c8ee8c975ddd9965643",
                "sha256:4c2e364491406b7888c2ad4428245fc56c327e34a5dfe58fd40df272b3c3dab3",
                "sha256:575a832e09d237ae5fedb825a7a5bc6a116090dd57d6417d4f3b75121c73e3be",
                "sha256:5770a51180d85ea468234bc7987f5597803a4c3d7463e7323322fe4a1b181578",
                "sha256:633497504e2a485a70a3268d4fc403fe3063a50a50eed1039083e9471ad0101c",
                "sha256:63f3ca8451e5ff7133ffbec9eda641aeab2001be1a01878990f6c87e3c44b9d5",
                "sha256:709f65bb2fa9825f09892617d01246002097f8f9b6dde8d1bb4083cf554701ba",
                "sha256:808404898e9a765e4058bf3d7607d0629000e0a14a6782ccbb089296b76fa8fe",
                "sha256:882f53afe31ef0425b405a3f601c0009b44206ea7f55ee1c606aad3cc213a52c",
                "sha256:8bd4f91f3fb1c9b1380d6894bd5b4a519409135bec14c0c80151e58394a4e88a",
                "sha256:8e65e3e4c6feadf6770e2ad89ad3deb524bcb03d8dc679f381d0568c024e0deb",
                "sha256:976a54d44fd043d958a69b18705a910a8376196c6b6ee5f2596ffc11bff4420d",
                "sha256:a0d04128e005142260de3733591ddf476e4902c0c23c1af237d9acf3c96e1b38",
                "sha256:a0df9a0ad2aad49ea3c7f65edd2ffb3d5c59589b85992a6006354f6fb109bb18",
                "sha256:a2ee026f4156789df8644d23ef423e6194fad0bc53575534101bb1de5d67e8ce",
                "sha256:a59a2ee329b3de764b21495d78c92ab00b4ea79acef0f7ae8c1067f773570afa",
                "sha256:b97ec5d299c10d96617cc851b2e0f81ba5d9d6248413cd374ef7f3a8871ee4a6",
                "sha256:b98bc9db003f1079caf07b610377ed1ac2e2c11acc2bea4892e28cc5b509d8d5",
                "sha256:b9d8d286c53fe0cbc6d20bf3d583cabcd1499d89034524e3b94c93a5ab85ca90",
                "sha256:bcd945175c29a672f13fce13a11893556cd440e37c1b643d6eeab1988c8b209c",
                "sha256:c66221e947d7207457f8b6f42b12f613b09efa9669f65a587a2a71f6a0e4d106",
                "sha256:c782da0e45aff131f0bed6e66fbcfa589ff2862fc719b83a88640daa01a5aff7",
                "sha256:cb4ee827857a5ad9b8ae34d3c8cc51151cb4a3fe082c12ec20ec73e63cc7c6f0",
                "sha256:d47d359545b0ccad29d572ecd52c9da945de7cd6cf9c0cfcb0269f76d3555689",
                "sha256:dc9963aacb7da5177e40874585d7407c0f93fb9d7518ec58b86e562f633f36cd",
                "sha256:ea2f41445852c660ba7c3ebf7d70b3779b20d9ca8ba54485a17740db49f46932",
                "sha256:f5d0c921c99297354cecc5a416ee4280bd3f20fd81b9fb671ca6be71499c3fdf",
                "sha256:f85d6f41e34f6a2d1607e312820971872944f1661a73d33e1e82d35ea3305e14"
            ],
            "version": "==2021.3.17"
        },
        "toml": {
            "hashes": [
                "sha256:806143ae5bfb6a3c6e736a764057db0e6a0e05e338b5630894a5f779cabb4f9b",
                "sha256:b3bda1d108d5dd99f4a20d24d9c348e91c4db7ab1b749200bded2f839ccbe68f"
            ],
            "version": "==0.10.2"
        },
        "typed-ast": {
            "hashes": [
                "sha256:07d49388d5bf7e863f7fa2f124b1b1d89d8aa0e2f7812faff0a5658c01c59aa1",
                "sha256:14bf1522cdee369e8f5581238edac09150c765ec1cb33615855889cf33dcb92d",
                "sha256:240296b27397e4e37874abb1df2a608a92df85cf3e2a04d0d4d61055c8305ba6",
                "sha256:36d829b31ab67d6fcb30e185ec996e1f72b892255a745d3a82138c97d21ed1cd",
                "sha256:37f48d46d733d57cc70fd5f30572d11ab8ed92da6e6b28e024e4a3edfb456e37",
                "sha256:4c790331247081ea7c632a76d5b2a265e6d325ecd3179d06e9cf8d46d90dd151",
                "sha256:5dcfc2e264bd8a1db8b11a892bd1647154ce03eeba94b461effe68790d8b8e07",
                "sha256:7147e2a76c75f0f64c4319886e7639e490fee87c9d25cb1d4faef1d8cf83a440",
                "sha256:7703620125e4fb79b64aa52427ec192822e9f45d37d4b6625ab37ef403e1df70",
                "sha256:8368f83e93c7156ccd40e49a783a6a6850ca25b556c0fa0240ed0f659d2fe496",
                "sha256:84aa6223d71012c68d577c83f4e7db50d11d6b1399a9c779046d75e24bed74ea",
                "sha256:85f95aa97a35bdb2f2f7d10ec5bbdac0aeb9dafdaf88e17492da0504de2e6400",
                "sha256:8db0e856712f79c45956da0c9a40ca4246abc3485ae0d7ecc86a20f5e4c09abc",
                "sha256:9044ef2df88d7f33692ae3f18d3be63dec69c4fb1b5a4a9ac950f9b4ba571606",
                "sha256:963c80b583b0661918718b095e02303d8078950b26cc00b5e5ea9ababe0de1fc",
                "sha256:987f15737aba2ab5f3928c617ccf1ce412e2e321c77ab16ca5a293e7bbffd581",
                "sha256:9ec45db0c766f196ae629e509f059ff05fc3148f9ffd28f3cfe75d4afb485412",
                "sha256:9fc0b3cb5d1720e7141d103cf4819aea239f7d136acf9ee4a69b047b7986175a",
                "sha256:a2c927c49f2029291fbabd673d51a2180038f8cd5a5b2f290f78c4516be48be2",
                "sha256:a38878a223bdd37c9709d07cd357bb79f4c760b29210e14ad0fb395294583787",
                "sha256:b4fcdcfa302538f70929eb7b392f536a237cbe2ed9cba88e3bf5027b39f5f77f",
                "sha256:c0c74e5579af4b977c8b932f40a5464764b2f86681327410aa028a22d2f54937",
                "sha256:c1c876fd795b36126f773db9cbb393f19808edd2637e00fd6caba0e25f2c7b64",
                "sha256:c9aadc4924d4b5799112837b226160428524a9a45f830e0d0f184b19e4090487",
                "sha256:cc7b98bf58167b7f2db91a4327da24fb93368838eb84a44c472283778fc2446b",
                "sha256:cf54cfa843f297991b7388c281cb3855d911137223c6b6d2dd82a47ae5125a41",
                "sha256:d003156bb6a59cda9050e983441b7fa2487f7800d76bdc065566b7d728b4581a",
                "sha256:d175297e9533d8d37437abc14e8a83cbc68af93cc9c1c59c2c292ec59a0697a3",
                "sha256:d746a437cdbca200622385305aedd9aef68e8a645e385cc483bdc5e488f07166",
                "sha256:e683e409e5c45d5c9082dc1daf13f6374300806240719f95dc783d1fc942af10"
            ],
            "version": "==1.4.2"
        },
        "wcwidth": {
            "hashes": [
                "sha256:beb4802a9cebb9144e99086eff703a642a13d6a0052920003a230f3294bbe784",
                "sha256:c4d647b99872929fdb7bdcaa4fbe7f01413ed3d98077df798530e5b04f116c83"
            ],
            "version": "==0.2.5"
        },
        "wrapt": {
            "hashes": [
                "sha256:b62ffa81fb85f4332a4f609cab4ac40709470da05643a082ec1eb88e6d9b97d7"
            ],
            "version": "==1.12.1"
        }
    }
}
